// !$*UTF8*$!
{
	archiveVersion = 1;
	classes = {
	};
	objectVersion = 46;
	objects = {

/* Begin PBXBuildFile section */
		0708FB9E1BE6ECE5007F4E8C /* MapViewController.swift in Sources */ = {isa = PBXBuildFile; fileRef = 0708FB9D1BE6ECE5007F4E8C /* MapViewController.swift */; };
		0779260E1BDFEEC5006610EC /* SoundController.swift in Sources */ = {isa = PBXBuildFile; fileRef = 0779260D1BDFEEC5006610EC /* SoundController.swift */; };
		07805A131BE17672008441D0 /* GrocDetailViewController.swift in Sources */ = {isa = PBXBuildFile; fileRef = 07805A121BE17672008441D0 /* GrocDetailViewController.swift */; };
		07805A151BE176AD008441D0 /* GrocListViewController.swift in Sources */ = {isa = PBXBuildFile; fileRef = 07805A141BE176AD008441D0 /* GrocListViewController.swift */; };
		07F9F37E1BD29F0F00D7D177 /* AppDelegate.swift in Sources */ = {isa = PBXBuildFile; fileRef = 07F9F37D1BD29F0F00D7D177 /* AppDelegate.swift */; };
		07F9F3801BD29F0F00D7D177 /* ViewController.swift in Sources */ = {isa = PBXBuildFile; fileRef = 07F9F37F1BD29F0F00D7D177 /* ViewController.swift */; };
		07F9F3831BD29F0F00D7D177 /* Main.storyboard in Resources */ = {isa = PBXBuildFile; fileRef = 07F9F3811BD29F0F00D7D177 /* Main.storyboard */; };
		07F9F3851BD29F0F00D7D177 /* Assets.xcassets in Resources */ = {isa = PBXBuildFile; fileRef = 07F9F3841BD29F0F00D7D177 /* Assets.xcassets */; };
		07F9F3881BD29F0F00D7D177 /* LaunchScreen.storyboard in Resources */ = {isa = PBXBuildFile; fileRef = 07F9F3861BD29F0F00D7D177 /* LaunchScreen.storyboard */; };
		8401CD6B1BF922D0008F18A9 /* Jazzy Elevator Music.mp3 in Resources */ = {isa = PBXBuildFile; fileRef = 8401CD6A1BF922D0008F18A9 /* Jazzy Elevator Music.mp3 */; };
/* End PBXBuildFile section */

/* Begin PBXFileReference section */
		0708FB9D1BE6ECE5007F4E8C /* MapViewController.swift */ = {isa = PBXFileReference; fileEncoding = 4; lastKnownFileType = sourcecode.swift; path = MapViewController.swift; sourceTree = "<group>"; };
		0779260D1BDFEEC5006610EC /* SoundController.swift */ = {isa = PBXFileReference; fileEncoding = 4; lastKnownFileType = sourcecode.swift; path = SoundController.swift; sourceTree = "<group>"; };
		07805A121BE17672008441D0 /* GrocDetailViewController.swift */ = {isa = PBXFileReference; fileEncoding = 4; lastKnownFileType = sourcecode.swift; path = GrocDetailViewController.swift; sourceTree = "<group>"; };
		07805A141BE176AD008441D0 /* GrocListViewController.swift */ = {isa = PBXFileReference; fileEncoding = 4; lastKnownFileType = sourcecode.swift; path = GrocListViewController.swift; sourceTree = "<group>"; };
		07F9F37A1BD29F0F00D7D177 /* GroceryShopperHelper.app */ = {isa = PBXFileReference; explicitFileType = wrapper.application; includeInIndex = 0; path = GroceryShopperHelper.app; sourceTree = BUILT_PRODUCTS_DIR; };
		07F9F37D1BD29F0F00D7D177 /* AppDelegate.swift */ = {isa = PBXFileReference; lastKnownFileType = sourcecode.swift; path = AppDelegate.swift; sourceTree = "<group>"; };
		07F9F37F1BD29F0F00D7D177 /* ViewController.swift */ = {isa = PBXFileReference; lastKnownFileType = sourcecode.swift; path = ViewController.swift; sourceTree = "<group>"; };
		07F9F3821BD29F0F00D7D177 /* Base */ = {isa = PBXFileReference; lastKnownFileType = file.storyboard; name = Base; path = Base.lproj/Main.storyboard; sourceTree = "<group>"; };
		07F9F3841BD29F0F00D7D177 /* Assets.xcassets */ = {isa = PBXFileReference; lastKnownFileType = folder.assetcatalog; path = Assets.xcassets; sourceTree = "<group>"; };
		07F9F3871BD29F0F00D7D177 /* Base */ = {isa = PBXFileReference; lastKnownFileType = file.storyboard; name = Base; path = Base.lproj/LaunchScreen.storyboard; sourceTree = "<group>"; };
		07F9F3891BD29F0F00D7D177 /* Info.plist */ = {isa = PBXFileReference; lastKnownFileType = text.plist.xml; path = Info.plist; sourceTree = "<group>"; };
		8401CD6A1BF922D0008F18A9 /* Jazzy Elevator Music.mp3 */ = {isa = PBXFileReference; lastKnownFileType = audio.mp3; path = "Jazzy Elevator Music.mp3"; sourceTree = "<group>"; };
/* End PBXFileReference section */

/* Begin PBXFrameworksBuildPhase section */
		07F9F3771BD29F0F00D7D177 /* Frameworks */ = {
			isa = PBXFrameworksBuildPhase;
			buildActionMask = 2147483647;
			files = (
			);
			runOnlyForDeploymentPostprocessing = 0;
		};
/* End PBXFrameworksBuildPhase section */

/* Begin PBXGroup section */
		07F9F3711BD29F0F00D7D177 = {
			isa = PBXGroup;
			children = (
				07F9F37C1BD29F0F00D7D177 /* GroceryShopperHelper */,
				07F9F37B1BD29F0F00D7D177 /* Products */,
			);
			sourceTree = "<group>";
		};
		07F9F37B1BD29F0F00D7D177 /* Products */ = {
			isa = PBXGroup;
			children = (
				07F9F37A1BD29F0F00D7D177 /* GroceryShopperHelper.app */,
			);
			name = Products;
			sourceTree = "<group>";
		};
		07F9F37C1BD29F0F00D7D177 /* GroceryShopperHelper */ = {
			isa = PBXGroup;
			children = (
				8401CD6A1BF922D0008F18A9 /* Jazzy Elevator Music.mp3 */,
				07F9F37D1BD29F0F00D7D177 /* AppDelegate.swift */,
				07F9F37F1BD29F0F00D7D177 /* ViewController.swift */,
				07F9F3811BD29F0F00D7D177 /* Main.storyboard */,
				0779260D1BDFEEC5006610EC /* SoundController.swift */,
				07F9F3841BD29F0F00D7D177 /* Assets.xcassets */,
				07F9F3861BD29F0F00D7D177 /* LaunchScreen.storyboard */,
				07F9F3891BD29F0F00D7D177 /* Info.plist */,
				07805A121BE17672008441D0 /* GrocDetailViewController.swift */,
				07805A141BE176AD008441D0 /* GrocListViewController.swift */,
				0708FB9D1BE6ECE5007F4E8C /* MapViewController.swift */,
			);
			path = GroceryShopperHelper;
			sourceTree = "<group>";
		};
/* End PBXGroup section */

/* Begin PBXNativeTarget section */
		07F9F3791BD29F0F00D7D177 /* GroceryShopperHelper */ = {
			isa = PBXNativeTarget;
			buildConfigurationList = 07F9F38C1BD29F0F00D7D177 /* Build configuration list for PBXNativeTarget "GroceryShopperHelper" */;
			buildPhases = (
				07F9F3761BD29F0F00D7D177 /* Sources */,
				07F9F3771BD29F0F00D7D177 /* Frameworks */,
				07F9F3781BD29F0F00D7D177 /* Resources */,
			);
			buildRules = (
			);
			dependencies = (
			);
			name = GroceryShopperHelper;
			productName = GroceryShopperHelper;
			productReference = 07F9F37A1BD29F0F00D7D177 /* GroceryShopperHelper.app */;
			productType = "com.apple.product-type.application";
		};
/* End PBXNativeTarget section */

/* Begin PBXProject section */
		07F9F3721BD29F0F00D7D177 /* Project object */ = {
			isa = PBXProject;
			attributes = {
				LastUpgradeCheck = 0700;
				ORGANIZATIONNAME = "Sumeet Babu";
				TargetAttributes = {
					07F9F3791BD29F0F00D7D177 = {
						CreatedOnToolsVersion = 7.0.1;
						DevelopmentTeam = HZE5C6YZNS;
					};
				};
			};
			buildConfigurationList = 07F9F3751BD29F0F00D7D177 /* Build configuration list for PBXProject "GroceryShopperHelper" */;
			compatibilityVersion = "Xcode 3.2";
			developmentRegion = English;
			hasScannedForEncodings = 0;
			knownRegions = (
				en,
				Base,
			);
			mainGroup = 07F9F3711BD29F0F00D7D177;
			productRefGroup = 07F9F37B1BD29F0F00D7D177 /* Products */;
			projectDirPath = "";
			projectRoot = "";
			targets = (
				07F9F3791BD29F0F00D7D177 /* GroceryShopperHelper */,
			);
		};
/* End PBXProject section */

/* Begin PBXResourcesBuildPhase section */
		07F9F3781BD29F0F00D7D177 /* Resources */ = {
			isa = PBXResourcesBuildPhase;
			buildActionMask = 2147483647;
			files = (
				07F9F3881BD29F0F00D7D177 /* LaunchScreen.storyboard in Resources */,
				8401CD6B1BF922D0008F18A9 /* Jazzy Elevator Music.mp3 in Resources */,
				07F9F3851BD29F0F00D7D177 /* Assets.xcassets in Resources */,
				07F9F3831BD29F0F00D7D177 /* Main.storyboard in Resources */,
			);
			runOnlyForDeploymentPostprocessing = 0;
		};
/* End PBXResourcesBuildPhase section */

/* Begin PBXSourcesBuildPhase section */
		07F9F3761BD29F0F00D7D177 /* Sources */ = {
			isa = PBXSourcesBuildPhase;
			buildActionMask = 2147483647;
			files = (
				07F9F3801BD29F0F00D7D177 /* ViewController.swift in Sources */,
				0708FB9E1BE6ECE5007F4E8C /* MapViewController.swift in Sources */,
				07805A151BE176AD008441D0 /* GrocListViewController.swift in Sources */,
				0779260E1BDFEEC5006610EC /* SoundController.swift in Sources */,
				07805A131BE17672008441D0 /* GrocDetailViewController.swift in Sources */,
				07F9F37E1BD29F0F00D7D177 /* AppDelegate.swift in Sources */,
			);
			runOnlyForDeploymentPostprocessing = 0;
		};
/* End PBXSourcesBuildPhase section */

/* Begin PBXVariantGroup section */
		07F9F3811BD29F0F00D7D177 /* Main.storyboard */ = {
			isa = PBXVariantGroup;
			children = (
				07F9F3821BD29F0F00D7D177 /* Base */,
			);
			name = Main.storyboard;
			sourceTree = "<group>";
		};
		07F9F3861BD29F0F00D7D177 /* LaunchScreen.storyboard */ = {
			isa = PBXVariantGroup;
			children = (
				07F9F3871BD29F0F00D7D177 /* Base */,
			);
			name = LaunchScreen.storyboard;
			sourceTree = "<group>";
		};
/* End PBXVariantGroup section */

/* Begin XCBuildConfiguration section */
		07F9F38A1BD29F0F00D7D177 /* Debug */ = {
			isa = XCBuildConfiguration;
			buildSettings = {
				ALWAYS_SEARCH_USER_PATHS = NO;
				CLANG_CXX_LANGUAGE_STANDARD = "gnu++0x";
				CLANG_CXX_LIBRARY = "libc++";
				CLANG_ENABLE_MODULES = YES;
				CLANG_ENABLE_OBJC_ARC = YES;
				CLANG_WARN_BOOL_CONVERSION = YES;
				CLANG_WARN_CONSTANT_CONVERSION = YES;
				CLANG_WARN_DIRECT_OBJC_ISA_USAGE = YES_ERROR;
				CLANG_WARN_EMPTY_BODY = YES;
				CLANG_WARN_ENUM_CONVERSION = YES;
				CLANG_WARN_INT_CONVERSION = YES;
				CLANG_WARN_OBJC_ROOT_CLASS = YES_ERROR;
				CLANG_WARN_UNREACHABLE_CODE = YES;
				CLANG_WARN__DUPLICATE_METHOD_MATCH = YES;
				"CODE_SIGN_IDENTITY[sdk=iphoneos*]" = "iPhone Developer";
				COPY_PHASE_STRIP = NO;
				DEBUG_INFORMATION_FORMAT = dwarf;
				ENABLE_STRICT_OBJC_MSGSEND = YES;
				ENABLE_TESTABILITY = YES;
				GCC_C_LANGUAGE_STANDARD = gnu99;
				GCC_DYNAMIC_NO_PIC = NO;
				GCC_NO_COMMON_BLOCKS = YES;
				GCC_OPTIMIZATION_LEVEL = 0;
				GCC_PREPROCESSOR_DEFINITIONS = (
					"DEBUG=1",
					"$(inherited)",
				);
				GCC_WARN_64_TO_32_BIT_CONVERSION = YES;
				GCC_WARN_ABOUT_RETURN_TYPE = YES_ERROR;
				GCC_WARN_UNDECLARED_SELECTOR = YES;
				GCC_WARN_UNINITIALIZED_AUTOS = YES_AGGRESSIVE;
				GCC_WARN_UNUSED_FUNCTION = YES;
				GCC_WARN_UNUSED_VARIABLE = YES;
				IPHONEOS_DEPLOYMENT_TARGET = 9.0;
				MTL_ENABLE_DEBUG_INFO = YES;
				ONLY_ACTIVE_ARCH = YES;
				SDKROOT = iphoneos;
				SWIFT_OPTIMIZATION_LEVEL = "-Onone";
				TARGETED_DEVICE_FAMILY = "1,2";
			};
			name = Debug;
		};
		07F9F38B1BD29F0F00D7D177 /* Release */ = {
			isa = XCBuildConfiguration;
			buildSettings = {
				ALWAYS_SEARCH_USER_PATHS = NO;
				CLANG_CXX_LANGUAGE_STANDARD = "gnu++0x";
				CLANG_CXX_LIBRARY = "libc++";
				CLANG_ENABLE_MODULES = YES;
				CLANG_ENABLE_OBJC_ARC = YES;
				CLANG_WARN_BOOL_CONVERSION = YES;
				CLANG_WARN_CONSTANT_CONVERSION = YES;
				CLANG_WARN_DIRECT_OBJC_ISA_USAGE = YES_ERROR;
				CLANG_WARN_EMPTY_BODY = YES;
				CLANG_WARN_ENUM_CONVERSION = YES;
				CLANG_WARN_INT_CONVERSION = YES;
				CLANG_WARN_OBJC_ROOT_CLASS = YES_ERROR;
				CLANG_WARN_UNREACHABLE_CODE = YES;
				CLANG_WARN__DUPLICATE_METHOD_MATCH = YES;
				"CODE_SIGN_IDENTITY[sdk=iphoneos*]" = "iPhone Developer";
				COPY_PHASE_STRIP = NO;
				DEBUG_INFORMATION_FORMAT = "dwarf-with-dsym";
				ENABLE_NS_ASSERTIONS = NO;
				ENABLE_STRICT_OBJC_MSGSEND = YES;
				GCC_C_LANGUAGE_STANDARD = gnu99;
				GCC_NO_COMMON_BLOCKS = YES;
				GCC_WARN_64_TO_32_BIT_CONVERSION = YES;
				GCC_WARN_ABOUT_RETURN_TYPE = YES_ERROR;
				GCC_WARN_UNDECLARED_SELECTOR = YES;
				GCC_WARN_UNINITIALIZED_AUTOS = YES_AGGRESSIVE;
				GCC_WARN_UNUSED_FUNCTION = YES;
				GCC_WARN_UNUSED_VARIABLE = YES;
				IPHONEOS_DEPLOYMENT_TARGET = 9.0;
				MTL_ENABLE_DEBUG_INFO = NO;
				SDKROOT = iphoneos;
				TARGETED_DEVICE_FAMILY = "1,2";
				VALIDATE_PRODUCT = YES;
			};
			name = Release;
		};
		07F9F38D1BD29F0F00D7D177 /* Debug */ = {
			isa = XCBuildConfiguration;
			buildSettings = {
				ASSETCATALOG_COMPILER_APPICON_NAME = AppIcon;
				CODE_SIGN_IDENTITY = "iPhone Developer";
				"CODE_SIGN_IDENTITY[sdk=iphoneos*]" = "iPhone Developer";
				INFOPLIST_FILE = GroceryShopperHelper/Info.plist;
				IPHONEOS_DEPLOYMENT_TARGET = 9.1;
				LD_RUNPATH_SEARCH_PATHS = "$(inherited) @executable_path/Frameworks";
				PRODUCT_BUNDLE_IDENTIFIER = cs4720.GroceryShopperHelper;
				PRODUCT_NAME = "$(TARGET_NAME)";
				PROVISIONING_PROFILE = "";
				TARGETED_DEVICE_FAMILY = "1,2";
			};
			name = Debug;
		};
		07F9F38E1BD29F0F00D7D177 /* Release */ = {
			isa = XCBuildConfiguration;
			buildSettings = {
				ASSETCATALOG_COMPILER_APPICON_NAME = AppIcon;
				CODE_SIGN_IDENTITY = "iPhone Developer";
				"CODE_SIGN_IDENTITY[sdk=iphoneos*]" = "iPhone Developer";
				INFOPLIST_FILE = GroceryShopperHelper/Info.plist;
				IPHONEOS_DEPLOYMENT_TARGET = 9.1;
				LD_RUNPATH_SEARCH_PATHS = "$(inherited) @executable_path/Frameworks";
				PRODUCT_BUNDLE_IDENTIFIER = cs4720.GroceryShopperHelper;
				PRODUCT_NAME = "$(TARGET_NAME)";
				PROVISIONING_PROFILE = "";
				TARGETED_DEVICE_FAMILY = "1,2";
			};
			name = Release;
		};
/* End XCBuildConfiguration section */

/* Begin XCConfigurationList section */
		07F9F3751BD29F0F00D7D177 /* Build configuration list for PBXProject "GroceryShopperHelper" */ = {
			isa = XCConfigurationList;
			buildConfigurations = (
				07F9F38A1BD29F0F00D7D177 /* Debug */,
				07F9F38B1BD29F0F00D7D177 /* Release */,
			);
			defaultConfigurationIsVisible = 0;
			defaultConfigurationName = Release;
		};
		07F9F38C1BD29F0F00D7D177 /* Build configuration list for PBXNativeTarget "GroceryShopperHelper" */ = {
			isa = XCConfigurationList;
			buildConfigurations = (
				07F9F38D1BD29F0F00D7D177 /* Debug */,
				07F9F38E1BD29F0F00D7D177 /* Release */,
			);
			defaultConfigurationIsVisible = 0;
			defaultConfigurationName = Release;
		};
/* End XCConfigurationList section */
	};
	rootObject = 07F9F3721BD29F0F00D7D177 /* Project object */;
}
